
Microsoft Visual Studio Solution File, Format Version 12.00
# Visual Studio 15
VisualStudioVersion = 15.0.27004.2009
MinimumVisualStudioVersion = 10.0.40219.1
Project("{FAE04EC0-301F-11D3-BF4B-00C04F79EFBC}") = "Udp", "Udp\Udp.csproj", "{B5790AC5-3438-47F8-B3E9-335BA579065F}"
EndProject
Project("{FAE04EC0-301F-11D3-BF4B-00C04F79EFBC}") = "Server", "Server\Server.csproj", "{CA91CEB7-B025-421C-BFD5-26606F50E86B}"
EndProject
Project("{FAE04EC0-301F-11D3-BF4B-00C04F79EFBC}") = "Client", "Client\Client.csproj", "{49A27E7C-B98B-4FFD-ABCC-D9A9D9BE0DA7}"
EndProject
Global
	GlobalSection(SolutionConfigurationPlatforms) = preSolution
		Debug|Any CPU = Debug|Any CPU
		Debug|ARM = Debug|ARM
		Debug|x64 = Debug|x64
		Debug|x86 = Debug|x86
		Release|Any CPU = Release|Any CPU
		Release|ARM = Release|ARM
		Release|x64 = Release|x64
		Release|x86 = Release|x86
	EndGlobalSection
	GlobalSection(ProjectConfigurationPlatforms) = postSolution
		{B5790AC5-3438-47F8-B3E9-335BA579065F}.Debug|Any CPU.ActiveCfg = Debug|Any CPU
		{B5790AC5-3438-47F8-B3E9-335BA579065F}.Debug|Any CPU.Build.0 = Debug|Any CPU
		{B5790AC5-3438-47F8-B3E9-335BA579065F}.Debug|ARM.ActiveCfg = Debug|Any CPU
		{B5790AC5-3438-47F8-B3E9-335BA579065F}.Debug|ARM.Build.0 = Debug|Any CPU
		{B5790AC5-3438-47F8-B3E9-335BA579065F}.Debug|x64.ActiveCfg = Debug|Any CPU
		{B5790AC5-3438-47F8-B3E9-335BA579065F}.Debug|x64.Build.0 = Debug|Any CPU
		{B5790AC5-3438-47F8-B3E9-335BA579065F}.Debug|x86.ActiveCfg = Debug|Any CPU
		{B5790AC5-3438-47F8-B3E9-335BA579065F}.Debug|x86.Build.0 = Debug|Any CPU
		{B5790AC5-3438-47F8-B3E9-335BA579065F}.Release|Any CPU.ActiveCfg = Release|Any CPU
		{B5790AC5-3438-47F8-B3E9-335BA579065F}.Release|Any CPU.Build.0 = Release|Any CPU
		{B5790AC5-3438-47F8-B3E9-335BA579065F}.Release|ARM.ActiveCfg = Release|Any CPU
		{B5790AC5-3438-47F8-B3E9-335BA579065F}.Release|ARM.Build.0 = Release|Any CPU
		{B5790AC5-3438-47F8-B3E9-335BA579065F}.Release|x64.ActiveCfg = Release|Any CPU
		{B5790AC5-3438-47F8-B3E9-335BA579065F}.Release|x64.Build.0 = Release|Any CPU
		{B5790AC5-3438-47F8-B3E9-335BA579065F}.Release|x86.ActiveCfg = Release|Any CPU
		{B5790AC5-3438-47F8-B3E9-335BA579065F}.Release|x86.Build.0 = Release|Any CPU
		{CA91CEB7-B025-421C-BFD5-26606F50E86B}.Debug|Any CPU.ActiveCfg = Debug|Any CPU
		{CA91CEB7-B025-421C-BFD5-26606F50E86B}.Debug|Any CPU.Build.0 = Debug|Any CPU
		{CA91CEB7-B025-421C-BFD5-26606F50E86B}.Debug|ARM.ActiveCfg = Debug|Any CPU
		{CA91CEB7-B025-421C-BFD5-26606F50E86B}.Debug|ARM.Build.0 = Debug|Any CPU
		{CA91CEB7-B025-421C-BFD5-26606F50E86B}.Debug|x64.ActiveCfg = Debug|Any CPU
		{CA91CEB7-B025-421C-BFD5-26606F50E86B}.Debug|x64.Build.0 = Debug|Any CPU
		{CA91CEB7-B025-421C-BFD5-26606F50E86B}.Debug|x86.ActiveCfg = Debug|Any CPU
		{CA91CEB7-B025-421C-BFD5-26606F50E86B}.Debug|x86.Build.0 = Debug|Any CPU
		{CA91CEB7-B025-421C-BFD5-26606F50E86B}.Release|Any CPU.ActiveCfg = Release|Any CPU
		{CA91CEB7-B025-421C-BFD5-26606F50E86B}.Release|Any CPU.Build.0 = Release|Any CPU
		{CA91CEB7-B025-421C-BFD5-26606F50E86B}.Release|ARM.ActiveCfg = Release|Any CPU
		{CA91CEB7-B025-421C-BFD5-26606F50E86B}.Release|ARM.Build.0 = Release|Any CPU
		{CA91CEB7-B025-421C-BFD5-26606F50E86B}.Release|x64.ActiveCfg = Release|Any CPU
		{CA91CEB7-B025-421C-BFD5-26606F50E86B}.Release|x64.Build.0 = Release|Any CPU
		{CA91CEB7-B025-421C-BFD5-26606F50E86B}.Release|x86.ActiveCfg = Release|Any CPU
		{CA91CEB7-B025-421C-BFD5-26606F50E86B}.Release|x86.Build.0 = Release|Any CPU
		{49A27E7C-B98B-4FFD-ABCC-D9A9D9BE0DA7}.Debug|Any CPU.ActiveCfg = Debug|Any CPU
		{49A27E7C-B98B-4FFD-ABCC-D9A9D9BE0DA7}.Debug|Any CPU.Build.0 = Debug|Any CPU
		{49A27E7C-B98B-4FFD-ABCC-D9A9D9BE0DA7}.Debug|ARM.ActiveCfg = Debug|Any CPU
		{49A27E7C-B98B-4FFD-ABCC-D9A9D9BE0DA7}.Debug|ARM.Build.0 = Debug|Any CPU
		{49A27E7C-B98B-4FFD-ABCC-D9A9D9BE0DA7}.Debug|x64.ActiveCfg = Debug|Any CPU
		{49A27E7C-B98B-4FFD-ABCC-D9A9D9BE0DA7}.Debug|x64.Build.0 = Debug|Any CPU
		{49A27E7C-B98B-4FFD-ABCC-D9A9D9BE0DA7}.Debug|x86.ActiveCfg = Debug|Any CPU
		{49A27E7C-B98B-4FFD-ABCC-D9A9D9BE0DA7}.Debug|x86.Build.0 = Debug|Any CPU
		{49A27E7C-B98B-4FFD-ABCC-D9A9D9BE0DA7}.Release|Any CPU.ActiveCfg = Release|Any CPU
		{49A27E7C-B98B-4FFD-ABCC-D9A9D9BE0DA7}.Release|Any CPU.Build.0 = Release|Any CPU
		{49A27E7C-B98B-4FFD-ABCC-D9A9D9BE0DA7}.Release|ARM.ActiveCfg = Release|Any CPU
		{49A27E7C-B98B-4FFD-ABCC-D9A9D9BE0DA7}.Release|ARM.Build.0 = Release|Any CPU
		{49A27E7C-B98B-4FFD-ABCC-D9A9D9BE0DA7}.Release|x64.ActiveCfg = Release|Any CPU
		{49A27E7C-B98B-4FFD-ABCC-D9A9D9BE0DA7}.Release|x64.Build.0 = Release|Any CPU
		{49A27E7C-B98B-4FFD-ABCC-D9A9D9BE0DA7}.Release|x86.ActiveCfg = Release|Any CPU
		{49A27E7C-B98B-4FFD-ABCC-D9A9D9BE0DA7}.Release|x86.Build.0 = Release|Any CPU
	EndGlobalSection
	GlobalSection(SolutionProperties) = preSolution
		HideSolutionNode = FALSE
	EndGlobalSection
	GlobalSection(ExtensibilityGlobals) = postSolution
		SolutionGuid = {A8AB5B91-1539-45B6-BE4C-146A6D68CC62}
	EndGlobalSection
EndGlobal
